
Microsoft Visual Studio Solution File, Format Version 12.00
# Visual Studio 15
VisualStudioVersion = 15.0.28307.136
MinimumVisualStudioVersion = 10.0.40219.1
Project("{FAE04EC0-301F-11D3-BF4B-00C04F79EFBC}") = "NedShape.UI", "NedShape.UI\NedShape.UI.csproj", "{3E608573-10CF-4C48-B85F-AE3916DB7DD9}"
EndProject
Project("{FAE04EC0-301F-11D3-BF4B-00C04F79EFBC}") = "NedShape.UI.Tests", "NedShape.UI.Tests\NedShape.UI.Tests.csproj", "{2500F590-A4DA-4F7B-AE0E-82ADCF1F99D6}"
EndProject
Project("{FAE04EC0-301F-11D3-BF4B-00C04F79EFBC}") = "NedShape.Data", "NedShape.Data\NedShape.Data.csproj", "{5A785592-8695-46BF-9FD0-8A650D7FF05A}"
EndProject
Project("{FAE04EC0-301F-11D3-BF4B-00C04F79EFBC}") = "NedShape.Core", "NedShape.Core\NedShape.Core.csproj", "{0B59152F-72FC-4190-8459-F231AD8E0112}"
EndProject
Project("{FAE04EC0-301F-11D3-BF4B-00C04F79EFBC}") = "NedShape.Mailer", "NedShape.Mailer\NedShape.Mailer.csproj", "{7298A6DD-ED83-474E-A71B-1B5E8A80DE00}"
EndProject
Global
	GlobalSection(SolutionConfigurationPlatforms) = preSolution
		Debug|Any CPU = Debug|Any CPU
		Release|Any CPU = Release|Any CPU
	EndGlobalSection
	GlobalSection(ProjectConfigurationPlatforms) = postSolution
		{3E608573-10CF-4C48-B85F-AE3916DB7DD9}.Debug|Any CPU.ActiveCfg = Debug|Any CPU
		{3E608573-10CF-4C48-B85F-AE3916DB7DD9}.Debug|Any CPU.Build.0 = Debug|Any CPU
		{3E608573-10CF-4C48-B85F-AE3916DB7DD9}.Release|Any CPU.ActiveCfg = Release|Any CPU
		{3E608573-10CF-4C48-B85F-AE3916DB7DD9}.Release|Any CPU.Build.0 = Release|Any CPU
		{2500F590-A4DA-4F7B-AE0E-82ADCF1F99D6}.Debug|Any CPU.ActiveCfg = Debug|Any CPU
		{2500F590-A4DA-4F7B-AE0E-82ADCF1F99D6}.Debug|Any CPU.Build.0 = Debug|Any CPU
		{2500F590-A4DA-4F7B-AE0E-82ADCF1F99D6}.Release|Any CPU.ActiveCfg = Release|Any CPU
		{2500F590-A4DA-4F7B-AE0E-82ADCF1F99D6}.Release|Any CPU.Build.0 = Release|Any CPU
		{5A785592-8695-46BF-9FD0-8A650D7FF05A}.Debug|Any CPU.ActiveCfg = Debug|Any CPU
		{5A785592-8695-46BF-9FD0-8A650D7FF05A}.Debug|Any CPU.Build.0 = Debug|Any CPU
		{5A785592-8695-46BF-9FD0-8A650D7FF05A}.Release|Any CPU.ActiveCfg = Release|Any CPU
		{5A785592-8695-46BF-9FD0-8A650D7FF05A}.Release|Any CPU.Build.0 = Release|Any CPU
		{0B59152F-72FC-4190-8459-F231AD8E0112}.Debug|Any CPU.ActiveCfg = Debug|Any CPU
		{0B59152F-72FC-4190-8459-F231AD8E0112}.Debug|Any CPU.Build.0 = Debug|Any CPU
		{0B59152F-72FC-4190-8459-F231AD8E0112}.Release|Any CPU.ActiveCfg = Release|Any CPU
		{0B59152F-72FC-4190-8459-F231AD8E0112}.Release|Any CPU.Build.0 = Release|Any CPU
		{7298A6DD-ED83-474E-A71B-1B5E8A80DE00}.Debug|Any CPU.ActiveCfg = Debug|Any CPU
		{7298A6DD-ED83-474E-A71B-1B5E8A80DE00}.Debug|Any CPU.Build.0 = Debug|Any CPU
		{7298A6DD-ED83-474E-A71B-1B5E8A80DE00}.Release|Any CPU.ActiveCfg = Release|Any CPU
		{7298A6DD-ED83-474E-A71B-1B5E8A80DE00}.Release|Any CPU.Build.0 = Release|Any CPU
	EndGlobalSection
	GlobalSection(SolutionProperties) = preSolution
		HideSolutionNode = FALSE
	EndGlobalSection
	GlobalSection(ExtensibilityGlobals) = postSolution
		SolutionGuid = {E27961B3-9860-4984-8956-6B664362B58F}
	EndGlobalSection
EndGlobal
