
Microsoft Visual Studio Solution File, Format Version 12.00
# Visual Studio Version 16
VisualStudioVersion = 16.0.29215.179
MinimumVisualStudioVersion = 10.0.40219.1
Project("{FAE04EC0-301F-11D3-BF4B-00C04F79EFBC}") = "Web App", "Web App\Web App.csproj", "{35CCD25E-A827-45E2-B795-E27A8F8258D8}"
EndProject
Global
	GlobalSection(SolutionConfigurationPlatforms) = preSolution
		Debug|Any CPU = Debug|Any CPU
		Release|Any CPU = Release|Any CPU
	EndGlobalSection
	GlobalSection(ProjectConfigurationPlatforms) = postSolution
		{35CCD25E-A827-45E2-B795-E27A8F8258D8}.Debug|Any CPU.ActiveCfg = Debug|Any CPU
		{35CCD25E-A827-45E2-B795-E27A8F8258D8}.Debug|Any CPU.Build.0 = Debug|Any CPU
		{35CCD25E-A827-45E2-B795-E27A8F8258D8}.Release|Any CPU.ActiveCfg = Release|Any CPU
		{35CCD25E-A827-45E2-B795-E27A8F8258D8}.Release|Any CPU.Build.0 = Release|Any CPU
	EndGlobalSection
	GlobalSection(SolutionProperties) = preSolution
		HideSolutionNode = FALSE
	EndGlobalSection
	GlobalSection(ExtensibilityGlobals) = postSolution
		SolutionGuid = {3F9F7E75-6CA3-4D12-8D73-7E3861CE0BB9}
	EndGlobalSection
EndGlobal
